PODS:
  - Bolts (1.9.0):
    - Bolts/AppLinks (= 1.9.0)
    - Bolts/Tasks (= 1.9.0)
  - Bolts/AppLinks (1.9.0):
    - Bolts/Tasks
  - Bolts/Tasks (1.9.0)
  - Crashlytics (3.10.2):
    - Fabric (~> 1.7.7)
  - DateTools (2.0.0)
  - Fabric (1.7.7)
  - FacebookCore (0.3.0):
    - Bolts (~> 1.8)
    - FBSDKCoreKit (~> 4.27)
  - FacebookLogin (0.3.0):
    - Bolts (~> 1.8)
    - FacebookCore (~> 0.3)
    - FBSDKCoreKit (~> 4.27)
    - FBSDKLoginKit (~> 4.27)
  - FacebookShare (0.3.0):
    - Bolts (~> 1.8)
    - FacebookCore (~> 0.3)
    - FBSDKCoreKit (~> 4.27)
    - FBSDKShareKit (~> 4.27)
  - FBSDKCoreKit (4.33.0):
    - Bolts (~> 1.7)
  - FBSDKLoginKit (4.33.0):
    - FBSDKCoreKit
  - FBSDKShareKit (4.33.0):
    - FBSDKCoreKit (~> 4.33.0)
  - Firebase (5.2.0):
    - Firebase/Core (= 5.2.0)
  - Firebase/Auth (5.2.0):
    - Firebase/CoreOnly
    - FirebaseAuth (= 5.0.1)
  - Firebase/Core (5.2.0):
    - Firebase/CoreOnly
    - FirebaseAnalytics (= 5.0.1)
  - Firebase/CoreOnly (5.2.0):
    - FirebaseCore (= 5.0.3)
  - Firebase/Database (5.2.0):
    - Firebase/CoreOnly
    - FirebaseDatabase (= 5.0.1)
  - Firebase/Messaging (5.2.0):
    - Firebase/CoreOnly
    - FirebaseMessaging (= 3.0.2)
  - Firebase/Storage (5.2.0):
    - Firebase/CoreOnly
    - FirebaseStorage (= 3.0.0)
  - FirebaseAnalytics (5.0.1):
    - FirebaseCore (~> 5.0)
    - FirebaseInstanceID (~> 3.0)
    - "GoogleToolboxForMac/NSData+zlib (~> 2.1)"
    - nanopb (~> 0.3)
  - FirebaseAuth (5.0.1):
    - FirebaseCore (~> 5.0)
    - GTMSessionFetcher/Core (~> 1.1)
  - FirebaseCore (5.0.3):
    - "GoogleToolboxForMac/NSData+zlib (~> 2.1)"
  - FirebaseDatabase (5.0.1):
    - FirebaseCore (~> 5.0)
    - leveldb-library (~> 1.18)
  - FirebaseInstanceID (3.1.0):
    - FirebaseCore (~> 5.0)
  - FirebaseMessaging (3.0.2):
    - FirebaseCore (~> 5.0)
    - FirebaseInstanceID (~> 3.0)
    - GoogleToolboxForMac/Logger (~> 2.1)
    - Protobuf (~> 3.1)
  - FirebaseStorage (3.0.0):
    - FirebaseCore (~> 5.0)
    - GTMSessionFetcher/Core (~> 1.1)
  - GoogleMaps (2.7.0):
    - GoogleMaps/Maps (= 2.7.0)
  - GoogleMaps/Base (2.7.0)
  - GoogleMaps/Maps (2.7.0):
    - GoogleMaps/Base
  - GooglePlaces (2.7.0):
    - GoogleMaps/Base (= 2.7.0)
  - GoogleToolboxForMac/Defines (2.1.4)
  - GoogleToolboxForMac/Logger (2.1.4):
    - GoogleToolboxForMac/Defines (= 2.1.4)
  - "GoogleToolboxForMac/NSData+zlib (2.1.4)":
    - GoogleToolboxForMac/Defines (= 2.1.4)
  - GPUImage (0.1.7)
  - GTMSessionFetcher/Core (1.1.15)
  - IQKeyboardManager (6.0.3)
  - KeyboardAdjuster (3.0.2)
  - KeychainSwift (11.0.0)
  - Kingfisher (4.8.0)
  - KMPlaceholderTextView (1.3.0)
  - leveldb-library (1.20)
  - LionheartExtensions (3.15.0):
    - LionheartExtensions/Core (= 3.15.0)
  - LionheartExtensions/Core (3.15.0)
  - McPicker (1.0.0)
  - nanopb (0.3.8):
    - nanopb/decode (= 0.3.8)
    - nanopb/encode (= 0.3.8)
  - nanopb/decode (0.3.8)
  - nanopb/encode (0.3.8)
  - NVActivityIndicatorView (4.2.1):
    - NVActivityIndicatorView/Presenter (= 4.2.1)
  - NVActivityIndicatorView/Presenter (4.2.1)
  - Protobuf (3.6.0)
  - QuickTableView (2.6.2):
    - KeyboardAdjuster (~> 3)
  - Spring (1.0.3)
  - SuperLayout (1.0.1):
    - SuperLayout/Core (= 1.0.1)
  - SuperLayout/Core (1.0.1)
  - SwiftKeychainWrapper (3.0.1)
  - TipJarViewController (0.1.3):
    - LionheartExtensions (~> 3.0)
    - QuickTableView (~> 2.0)
    - SuperLayout (~> 1.0)

DEPENDENCIES:
  - Bolts
  - Crashlytics
  - DateTools
  - Fabric
  - FacebookCore
  - FacebookLogin
  - FacebookShare
  - FBSDKCoreKit
  - FBSDKLoginKit
  - Firebase
  - Firebase/Auth
  - Firebase/Core
  - Firebase/Database
  - Firebase/Messaging
  - Firebase/Storage
  - GoogleMaps
  - GooglePlaces
  - GPUImage
  - IQKeyboardManager
  - KeychainSwift
  - Kingfisher
  - KMPlaceholderTextView (~> 1.3.0)
  - McPicker
  - NVActivityIndicatorView
  - Spring (from `https://github.com/MengTo/Spring.git`, branch `swift4`)
  - SwiftKeychainWrapper
  - TipJarViewController

SPEC REPOS:
  https://github.com/cocoapods/specs.git:
    - Bolts
    - Crashlytics
    - DateTools
    - Fabric
    - FacebookCore
    - FacebookLogin
    - FacebookShare
    - FBSDKCoreKit
    - FBSDKLoginKit
    - FBSDKShareKit
    - Firebase
    - FirebaseAnalytics
    - FirebaseAuth
    - FirebaseCore
    - FirebaseDatabase
    - FirebaseInstanceID
    - FirebaseMessaging
    - FirebaseStorage
    - GoogleMaps
    - GooglePlaces
    - GoogleToolboxForMac
    - GPUImage
    - GTMSessionFetcher
    - IQKeyboardManager
    - KeyboardAdjuster
    - KeychainSwift
    - Kingfisher
    - KMPlaceholderTextView
    - leveldb-library
    - LionheartExtensions
    - McPicker
    - nanopb
    - NVActivityIndicatorView
    - Protobuf
    - QuickTableView
    - SuperLayout
    - SwiftKeychainWrapper
    - TipJarViewController

EXTERNAL SOURCES:
  Spring:
    :branch: swift4
    :git: https://github.com/MengTo/Spring.git

CHECKOUT OPTIONS:
  Spring:
    :commit: 8d04081f4b27ff85161addee45b21c1156f0143f
    :git: https://github.com/MengTo/Spring.git

SPEC CHECKSUMS:
  Bolts: ac6567323eac61e203f6a9763667d0f711be34c8
  Crashlytics: 0360624eea1c978a743feddb2fb1ef8b37fb7a0d
  DateTools: 933ac9c490f21f92127cf690ccd8c397e0126caf
  Fabric: bda89e242bce1b7b8ab264248cf3407774ce0095
  FacebookCore: 3ffa190a3f1f96cec0e44d3fc221bc322c595ffa
  FacebookLogin: 0af839ea858faef99550d16596b87b4a8e8906e6
  FacebookShare: 0469964297ebd75f052be2c5083389a4208e82b7
  FBSDKCoreKit: 572b047a7e029bc44542bcf8a59414e7ff2b543e
  FBSDKLoginKit: 88cb456349cfb3b554427ce4f8b43729d85dfb40
  FBSDKShareKit: 1869cb24db2cea90666a50cb9d568deb38e2d16e
  Firebase: 25ed0412036d7d008568d1fb4d2e9d81ea8a0a2c
  FirebaseAnalytics: b3628aea54c50464c32c393fb2ea032566e7ecc2
  FirebaseAuth: 463b8ce33bd5d05f706dcd4615499e3212b4132b
  FirebaseCore: a3c87242451633fff8490183898075ce77d168d2
  FirebaseDatabase: 482bad9c2abd422bb2321194fb8c937e67426a89
  FirebaseInstanceID: 05d779cbb97bd5bd5c51a38a903fc9cfe1b2454a
  FirebaseMessaging: 6894b8fe0a0cf26c3b13dad729f1131654ae0bdb
  FirebaseStorage: 7ca4bb7b58a25fa647b04f524033fc7cb7eb272b
  GoogleMaps: f79af95cb24d869457b1f961c93d3ce8b2f3b848
  GooglePlaces: 3d06e6c99654545b4738ce49648745779c25f2ef
  GoogleToolboxForMac: 91c824d21e85b31c2aae9bb011c5027c9b4e738f
  GPUImage: 733a5f0fab92df9de1c37ba9df520a833ccb406d
  GTMSessionFetcher: 5fa5b80fd20e439ef5f545fb2cb3ca6c6714caa2
  IQKeyboardManager: c390e612f4b98c8fd748016470138537dc163ead
  KeyboardAdjuster: 8391eadd333fefaacaf110c9dfcbb07a2f6b3404
  KeychainSwift: bea6bd9f98af7b8d7ca4aa79fe105c00fab532db
  Kingfisher: 976d828df2b24834c6a3f2fc4d82cdbd26552be1
  KMPlaceholderTextView: 2bbcd19a273648a80a61e1e48f9743a24d8930e3
  leveldb-library: 08cba283675b7ed2d99629a4bc5fd052cd2bb6a5
  LionheartExtensions: 199f618c204b3d6a3a31fb5adef49d049bb3206d
  McPicker: 130183cd3d22fc6933ea9e63c5a0d0d1becc0122
  nanopb: 5601e6bca2dbf1ed831b519092ec110f66982ca3
  NVActivityIndicatorView: 8068ba3ad39cb44cbaab25d89ff2546b3f092681
  Protobuf: 0fc0ad8bec688b2a3017a139953e01374fedbd5f
  QuickTableView: 6c7689b1b392e8d4d01c26161ca0c3b7a2079435
  Spring: 3f02b5dc3308572ef177b3cad0fa7bbc4b0706f7
  SuperLayout: 8d8a8399366e130f244963d97bd04a66fd08d368
  SwiftKeychainWrapper: 38952a3636320ae61bad3513cadd870929de7a4a
  TipJarViewController: fa08321344b0989304817ffe26a00b13291fc65e

PODFILE CHECKSUM: 3816f36ecb973b4a4b65d8901550e41e9bb47cfe

COCOAPODS: 1.5.2
